<?xml version="1.0" encoding="utf-8"?>
<Project ToolsVersion="4.0" xmlns="http://schemas.microsoft.com/developer/msbuild/2003">
  <ItemGroup>
    <Filter Include="Headers">
      <UniqueIdentifier>{dd07da70-4edd-4b01-849b-da2c6a6bf1f4}</UniqueIdentifier>
    </Filter>
    <Filter Include="Sources">
      <UniqueIdentifier>{aed8afe5-fdfc-4cbc-ab99-5238bbef5f95}</UniqueIdentifier>
    </Filter>
  </ItemGroup>
  <ItemGroup>
    <ClInclude Include="UnitData.h">
      <Filter>Headers</Filter>
    </ClInclude>
    <ClInclude Include="CompileData.h">
      <Filter>Headers</Filter>
    </ClInclude>
  </ItemGroup>
  <ItemGroup>
    <ClCompile Include="Main.cpp">
      <Filter>Sources</Filter>
    </ClCompile>
    <ClCompile Include="UnitData.cpp">
      <Filter>Sources</Filter>
    </ClCompile>
    <ClCompile Include="CompileData.cpp">
      <Filter>Sources</Filter>
    </ClCompile>
  </ItemGroup>
</Project>